
Microsoft Visual Studio Solution File, Format Version 12.00
# Visual Studio Version 17
VisualStudioVersion = 17.2.32519.379
MinimumVisualStudioVersion = 10.0.40219.1
Project("{9A19103F-16F7-4668-BE54-9A1E7A4F7556}") = "OdeTofood", "OdeTofood\OdeTofood.csproj", "{72E30711-A5F3-427E-8B5F-420625BFC2DD}"
EndProject
Project("{9A19103F-16F7-4668-BE54-9A1E7A4F7556}") = "OdeToFood.Core", "OdeToFood.Core\OdeToFood.Core.csproj", "{D37B8103-377C-4B41-A66B-99EC1080DC80}"
EndProject
Project("{9A19103F-16F7-4668-BE54-9A1E7A4F7556}") = "OdeToFood.Data", "OdeToFoodData\OdeToFood.Data.csproj", "{992B53D1-8C3B-413C-B773-D804C185E9B2}"
EndProject
Global
	GlobalSection(SolutionConfigurationPlatforms) = preSolution
		Debug|Any CPU = Debug|Any CPU
		Release|Any CPU = Release|Any CPU
	EndGlobalSection
	GlobalSection(ProjectConfigurationPlatforms) = postSolution
		{72E30711-A5F3-427E-8B5F-420625BFC2DD}.Debug|Any CPU.ActiveCfg = Debug|Any CPU
		{72E30711-A5F3-427E-8B5F-420625BFC2DD}.Debug|Any CPU.Build.0 = Debug|Any CPU
		{72E30711-A5F3-427E-8B5F-420625BFC2DD}.Release|Any CPU.ActiveCfg = Release|Any CPU
		{72E30711-A5F3-427E-8B5F-420625BFC2DD}.Release|Any CPU.Build.0 = Release|Any CPU
		{D37B8103-377C-4B41-A66B-99EC1080DC80}.Debug|Any CPU.ActiveCfg = Debug|Any CPU
		{D37B8103-377C-4B41-A66B-99EC1080DC80}.Debug|Any CPU.Build.0 = Debug|Any CPU
		{D37B8103-377C-4B41-A66B-99EC1080DC80}.Release|Any CPU.ActiveCfg = Release|Any CPU
		{D37B8103-377C-4B41-A66B-99EC1080DC80}.Release|Any CPU.Build.0 = Release|Any CPU
		{992B53D1-8C3B-413C-B773-D804C185E9B2}.Debug|Any CPU.ActiveCfg = Debug|Any CPU
		{992B53D1-8C3B-413C-B773-D804C185E9B2}.Debug|Any CPU.Build.0 = Debug|Any CPU
		{992B53D1-8C3B-413C-B773-D804C185E9B2}.Release|Any CPU.ActiveCfg = Release|Any CPU
		{992B53D1-8C3B-413C-B773-D804C185E9B2}.Release|Any CPU.Build.0 = Release|Any CPU
	EndGlobalSection
	GlobalSection(SolutionProperties) = preSolution
		HideSolutionNode = FALSE
	EndGlobalSection
	GlobalSection(ExtensibilityGlobals) = postSolution
		SolutionGuid = {DE0B9BB7-D73D-428F-AE4C-42953ECBEEAF}
	EndGlobalSection
EndGlobal
